{"1.2.0",
[{<<"jsone">>,{pkg,<<"jsone">>,<<"1.8.1">>},0},
 {<<"png">>,{pkg,<<"png">>,<<"0.2.1">>},0}]}.
[
{pkg_hash,[
 {<<"jsone">>, <<"6BC74D3863D55D420077346DA97C601711017A057F2FD1DF65D6D65DD562FBAB">>},
 {<<"png">>, <<"B25C17C8DCDC40096D46AE2D7C2777C63FEDE48FA8C8312CC708C88554049D3B">>}]},
{pkg_hash_ext,[
 {<<"jsone">>, <<"C78918124148C51A7A84C678E39BBC6281F8CB582F1D88584628A98468E99738">>},
 {<<"png">>, <<"279345E07108C604871A21F1C91F716810AB559AF2B20D6F302E0A98265EF72E">>}]}
].
